PODS:
  - Masonry (1.1.0)
  - SDWebImage (5.15.8):
    - SDWebImage/Core (= 5.15.8)
  - SDWebImage/Core (5.15.8)
  - WPToastManager (0.1.0):
    - Masonry
    - SDWebImage
    - YYModel
  - WPToastManager/Tests (0.1.0):
    - Masonry
    - SDWebImage
    - YYModel
  - YYModel (1.0.4)

DEPENDENCIES:
  - WPToastManager (from `../`)
  - WPToastManager/Tests (from `../`)

SPEC REPOS:
  trunk:
    - Masonry
    - SDWebImage
    - YYModel

EXTERNAL SOURCES:
  WPToastManager:
    :path: "../"

SPEC CHECKSUMS:
  Masonry: 678fab65091a9290e40e2832a55e7ab731aad201
  SDWebImage: cb032eba469c54e0000e78bcb0a13cdde0a52798
  WPToastManager: bb5f0ff622dc6107a445b837d3f0dd01f67d5e96
  YYModel: 2a7fdd96aaa4b86a824e26d0c517de8928c04b30

PODFILE CHECKSUM: 071f1c19a48af21a440a024c4edb5847de167f3c

COCOAPODS: 1.10.2
